<?xml version="1.0" encoding="UTF-8"?>
<CONFIG>
  <ProjectOptions>
    <Version Value="10"/>
    <General>
      <Flags>
        <LRSInOutputDirectory Value="False"/>
      </Flags>
      <MainUnit Value="0"/>
      <Title Value="BeamScheme"/>
      <Icon Value="0"/>
    </General>
    <MacroValues Count="1">
      <Macro1 Name="LCLWidgetType" Value="qt5"/>
    </MacroValues>
    <BuildModes Count="1">
      <Item1 Name="default" Default="True"/>
      <SharedMatrixOptions Count="1">
        <Item1 ID="456016494540" Modes="default" Type="IDEMacro" MacroName="LCLWidgetType" Value="qt5"/>
      </SharedMatrixOptions>
    </BuildModes>
    <PublishOptions>
      <Version Value="2"/>
      <IgnoreBinaries Value="False"/>
      <IncludeFileFilter Value="*.(pas|pp|inc|lfm|lpr|lrs|lpi|lpk|sh|xml)"/>
      <ExcludeFileFilter Value="*.(bak|ppu|ppw|o|so);*~;backup"/>
    </PublishOptions>
    <RunParams>
      <local>
        <FormatVersion Value="1"/>
        <LaunchingApplication PathPlusParams="/usr/X11R6/bin/xterm -T 'Lazarus Run Output' -e $(LazarusDir)/tools/runwait.sh $(TargetCmdLine)"/>
      </local>
    </RunParams>
    <RequiredPackages Count="7">
      <Item1>
        <PackageName Value="TAChartPrint"/>
      </Item1>
      <Item2>
        <PackageName Value="pack_powerpdf"/>
      </Item2>
      <Item3>
        <PackageName Value="DTrackBar"/>
      </Item3>
      <Item4>
        <PackageName Value="LCLBase"/>
        <MinVersion Major="1" Release="1" Valid="True"/>
      </Item4>
      <Item5>
        <PackageName Value="TAChartLazarusPkg"/>
        <MinVersion Valid="True"/>
      </Item5>
      <Item6>
        <PackageName Value="LCL"/>
      </Item6>
      <Item7>
        <PackageName Value="Printer4Lazarus"/>
        <MinVersion Minor="5" Valid="True"/>
      </Item7>
    </RequiredPackages>
    <Units Count="104">
      <Unit0>
        <Filename Value="beamscheme.lpr"/>
        <IsPartOfProject Value="True"/>
        <CursorPos X="56" Y="20"/>
        <UsageCount Value="200"/>
      </Unit0>
      <Unit1>
        <Filename Value="bsunit.pas"/>
        <IsPartOfProject Value="True"/>
        <ComponentName Value="BSForm"/>
        <HasResources Value="True"/>
        <ResourceBaseClass Value="Form"/>
        <IsVisibleTab Value="True"/>
        <TopLine Value="277"/>
        <CursorPos Y="296"/>
        <UsageCount Value="200"/>
        <Loaded Value="True"/>
        <LoadedDesigner Value="True"/>
      </Unit1>
      <Unit2>
        <Filename Value="/usr/lib/lazarus/lcl/forms.pp"/>
        <UnitName Value="Forms"/>
        <TopLine Value="24"/>
        <CursorPos X="22" Y="43"/>
        <UsageCount Value="4"/>
      </Unit2>
      <Unit3>
        <Filename Value="/usr/lib/lazarus/components/tachart/tagraph.pas"/>
        <UnitName Value="TAGraph"/>
        <TopLine Value="670"/>
        <CursorPos X="7" Y="692"/>
        <UsageCount Value="8"/>
      </Unit3>
      <Unit4>
        <Filename Value="imageunit.pas"/>
        <ComponentName Value="ImageForm"/>
        <ResourceBaseClass Value="Form"/>
        <CursorPos X="97" Y="14"/>
        <UsageCount Value="187"/>
      </Unit4>
      <Unit5>
        <Filename Value="yprofileunit.pas"/>
        <ComponentName Value="YProfileForm"/>
        <ResourceBaseClass Value="Form"/>
        <TopLine Value="7"/>
        <CursorPos Y="64"/>
        <FoldState Value=" T3b0K#"/>
        <UsageCount Value="187"/>
      </Unit5>
      <Unit6>
        <Filename Value="xprofileunit.pas"/>
        <ComponentName Value="XProfileForm"/>
        <ResourceBaseClass Value="Form"/>
        <TopLine Value="10"/>
        <CursorPos X="21" Y="70"/>
        <FoldState Value=" T3a0K{"/>
        <UsageCount Value="187"/>
      </Unit6>
      <Unit7>
        <Filename Value="/usr/lib/lazarus/components/multidoc/multidoc.pas"/>
        <UnitName Value="MultiDoc"/>
        <TopLine Value="426"/>
        <CursorPos Y="444"/>
        <UsageCount Value="6"/>
      </Unit7>
      <Unit8>
        <Filename Value="/usr/lib/lazarus/components/multidoc/demo/demomultidoc1.pas"/>
        <ComponentName Value="Form1"/>
        <HasResources Value="True"/>
        <TopLine Value="16"/>
        <CursorPos Y="172"/>
        <UsageCount Value="7"/>
      </Unit8>
      <Unit9>
        <Filename Value="/usr/lib/lazarus/components/multidoc/demo/demochild.pas"/>
        <ComponentName Value="f_child"/>
        <HasResources Value="True"/>
        <TopLine Value="14"/>
        <CursorPos Y="64"/>
        <UsageCount Value="6"/>
      </Unit9>
      <Unit10>
        <Filename Value="/usr/lib/lazarus/lcl/lresources.pp"/>
        <UnitName Value="LResources"/>
        <TopLine Value="4493"/>
        <CursorPos Y="4511"/>
        <UsageCount Value="6"/>
      </Unit10>
      <Unit11>
        <Filename Value="/usr/lib/lazarus/components/multidoc-0.3/demo/lazarus/demomultidoc1.pas"/>
        <ComponentName Value="Form1"/>
        <HasResources Value="True"/>
        <TopLine Value="68"/>
        <CursorPos X="39" Y="33"/>
        <UsageCount Value="1"/>
      </Unit11>
      <Unit12>
        <Filename Value="/usr/lib/lazarus/components/multidoc-0.3/demo/lazarus/demochild.pas"/>
        <ComponentName Value="frChild"/>
        <HasResources Value="True"/>
        <TopLine Value="19"/>
        <CursorPos X="101" Y="51"/>
        <UsageCount Value="8"/>
      </Unit12>
      <Unit13>
        <Filename Value="/usr/lib/lazarus/components/multidoc-0.3/multidoc.pas"/>
        <UnitName Value="MultiDoc"/>
        <TopLine Value="315"/>
        <CursorPos X="3" Y="102"/>
        <UsageCount Value="10"/>
      </Unit13>
      <Unit14>
        <Filename Value="/usr/lib/lazarus/components/LMDI/formpanel.pas"/>
        <TopLine Value="526"/>
        <CursorPos X="3" Y="59"/>
        <UsageCount Value="7"/>
      </Unit14>
      <Unit15>
        <Filename Value="/usr/lib/lazarus/lcl/include/spinedit.inc"/>
        <TopLine Value="190"/>
        <CursorPos Y="208"/>
        <UsageCount Value="7"/>
      </Unit15>
      <Unit16>
        <Filename Value="/usr/lib/lazarus/lcl/include/control.inc"/>
        <TopLine Value="2267"/>
        <CursorPos Y="2286"/>
        <UsageCount Value="1"/>
      </Unit16>
      <Unit17>
        <Filename Value="3-Jul-2008-B.txt"/>
        <TopLine Value="372"/>
        <UsageCount Value="3"/>
        <DefaultSyntaxHighlighter Value="None"/>
      </Unit17>
      <Unit18>
        <Filename Value="/usr/lib/lazarus/components/tachart/taseries.pas"/>
        <UnitName Value="TASeries"/>
        <TopLine Value="172"/>
        <CursorPos X="32" Y="177"/>
        <UsageCount Value="5"/>
      </Unit18>
      <Unit19>
        <Filename Value="resultsunit.pas"/>
        <ComponentName Value="ResultForm"/>
        <ResourceBaseClass Value="Form"/>
        <CursorPos Y="34"/>
        <UsageCount Value="123"/>
      </Unit19>
      <Unit20>
        <Filename Value="/usr/lib/lazarus/lcl/printers.pas"/>
        <UnitName Value="Printers"/>
        <TopLine Value="180"/>
        <CursorPos X="3" Y="291"/>
        <UsageCount Value="10"/>
      </Unit20>
      <Unit21>
        <Filename Value="mpunit.lrs"/>
        <UsageCount Value="6"/>
      </Unit21>
      <Unit22>
        <Filename Value="/usr/lib/lazarus/lcl/graphics.pp"/>
        <UnitName Value="Graphics"/>
        <TopLine Value="531"/>
        <CursorPos X="25" Y="552"/>
        <UsageCount Value="2"/>
      </Unit22>
      <Unit23>
        <Filename Value="/usr/share/fpcsrc/packages/fcl-image/src/fpcanvas.pp"/>
        <UnitName Value="FPCanvas"/>
        <TopLine Value="280"/>
        <CursorPos X="15" Y="298"/>
        <UsageCount Value="4"/>
      </Unit23>
      <Unit24>
        <Filename Value="../BasicDicom/ebasic.pas"/>
        <ComponentName Value="eDICOMform"/>
        <HasResources Value="True"/>
        <UnitName Value="eBasic"/>
        <TopLine Value="70"/>
        <CursorPos Y="97"/>
        <UsageCount Value="6"/>
      </Unit24>
      <Unit25>
        <Filename Value="dicom.pas"/>
        <IsPartOfProject Value="True"/>
        <TopLine Value="6448"/>
        <CursorPos X="11" Y="66"/>
        <UsageCount Value="204"/>
      </Unit25>
      <Unit26>
        <Filename Value="define_types.pas"/>
        <IsPartOfProject Value="True"/>
        <TopLine Value="100"/>
        <CursorPos X="5" Y="118"/>
        <UsageCount Value="200"/>
      </Unit26>
      <Unit27>
        <Filename Value="rgb/rgbroutines.pas"/>
        <UnitName Value="RGBRoutines"/>
        <UsageCount Value="78"/>
      </Unit27>
      <Unit28>
        <Filename Value="rgb/rgbtypes.pas"/>
        <UnitName Value="RGBTypes"/>
        <TopLine Value="27"/>
        <CursorPos X="44" Y="574"/>
        <UsageCount Value="78"/>
      </Unit28>
      <Unit29>
        <Filename Value="/usr/lib/lazarus/lcl/interfaces/gtk/gtk1object.inc"/>
        <TopLine Value="1411"/>
        <CursorPos Y="1430"/>
        <UsageCount Value="7"/>
      </Unit29>
      <Unit30>
        <Filename Value="/usr/lib/lazarus/lcl/grids.pas"/>
        <UnitName Value="Grids"/>
        <TopLine Value="6777"/>
        <CursorPos Y="6795"/>
        <UsageCount Value="7"/>
      </Unit30>
      <Unit31>
        <Filename Value="/usr/lib/lazarus/lcl/include/listitem.inc"/>
        <TopLine Value="500"/>
        <CursorPos Y="519"/>
        <UsageCount Value="7"/>
      </Unit31>
      <Unit32>
        <Filename Value="printgraph.pas"/>
        <CursorPos X="35" Y="28"/>
        <UsageCount Value="21"/>
      </Unit32>
      <Unit33>
        <Filename Value="/usr/lib/lazarus/lcl/include/menuitem.inc"/>
        <TopLine Value="234"/>
        <CursorPos Y="252"/>
        <UsageCount Value="7"/>
      </Unit33>
      <Unit34>
        <Filename Value="/usr/lib/lazarus/lcl/interfaces/gtk/gtkproc.inc"/>
        <TopLine Value="3725"/>
        <CursorPos Y="3744"/>
        <UsageCount Value="7"/>
      </Unit34>
      <Unit35>
        <Filename Value="/usr/share/fpcsrc/rtl/win32/classes.pp"/>
        <UnitName Value="Classes"/>
        <TopLine Value="14"/>
        <CursorPos X="3" Y="27"/>
        <UsageCount Value="7"/>
      </Unit35>
      <Unit36>
        <Filename Value="/usr/lib/lazarus/components/tachart/tachartaxis.pas"/>
        <UnitName Value="TAChartAxis"/>
        <TopLine Value="620"/>
        <CursorPos X="26" Y="606"/>
        <UsageCount Value="3"/>
      </Unit36>
      <Unit37>
        <Filename Value="/usr/lib/lazarus/components/tachart/tacustomseries.pas"/>
        <UnitName Value="TACustomSeries"/>
        <TopLine Value="57"/>
        <CursorPos X="39" Y="36"/>
        <UsageCount Value="7"/>
      </Unit37>
      <Unit38>
        <Filename Value="/usr/lib/lazarus/components/tachart/tatypes.pas"/>
        <UnitName Value="TATypes"/>
        <TopLine Value="213"/>
        <CursorPos X="3" Y="234"/>
        <UsageCount Value="1"/>
      </Unit38>
      <Unit39>
        <Filename Value="/usr/lib/lazarus/lcl/interfaces/qt/qtwsforms.pp"/>
        <UnitName Value="QtWSForms"/>
        <TopLine Value="179"/>
        <CursorPos Y="200"/>
        <UsageCount Value="7"/>
      </Unit39>
      <Unit40>
        <Filename Value="/usr/lib/lazarus/lcl/include/customform.inc"/>
        <TopLine Value="856"/>
        <CursorPos Y="877"/>
        <UsageCount Value="7"/>
      </Unit40>
      <Unit41>
        <Filename Value="/usr/lib/lazarus/lcl/controls.pp"/>
        <UnitName Value="Controls"/>
        <TopLine Value="1814"/>
        <CursorPos X="28" Y="1835"/>
        <UsageCount Value="10"/>
      </Unit41>
      <Unit42>
        <Filename Value="Test10x10b.txt"/>
        <TopLine Value="418"/>
        <CursorPos X="371" Y="422"/>
        <UsageCount Value="1"/>
        <DefaultSyntaxHighlighter Value="None"/>
      </Unit42>
      <Unit43>
        <Filename Value="../Tracker/Tracker2.pas"/>
        <UsageCount Value="2"/>
      </Unit43>
      <Unit44>
        <Filename Value="/usr/lib/lazarus/lcl/comctrls.pp"/>
        <UnitName Value="ComCtrls"/>
        <TopLine Value="3041"/>
        <CursorPos X="9" Y="3064"/>
        <UsageCount Value="8"/>
      </Unit44>
      <Unit45>
        <Filename Value="/usr/lib/lazarus/lcl/include/trackbar.inc"/>
        <UsageCount Value="8"/>
      </Unit45>
      <Unit46>
        <Filename Value="/usr/lib/lazarus/components/Tracker/Tracker2.pas"/>
        <TopLine Value="907"/>
        <CursorPos X="89" Y="941"/>
        <UsageCount Value="8"/>
      </Unit46>
      <Unit47>
        <Filename Value="/usr/share/fpcsrc/rtl/objpas/types.pp"/>
        <TopLine Value="274"/>
        <CursorPos X="10" Y="295"/>
        <UsageCount Value="1"/>
      </Unit47>
      <Unit48>
        <Filename Value="/usr/share/fpcsrc/rtl/inc/objpash.inc"/>
        <TopLine Value="164"/>
        <CursorPos X="23" Y="185"/>
        <UsageCount Value="8"/>
      </Unit48>
      <Unit49>
        <Filename Value="/usr/share/fpcsrc/rtl/unix/classes.pp"/>
        <UnitName Value="Classes"/>
        <UsageCount Value="10"/>
      </Unit49>
      <Unit50>
        <Filename Value="../Tracker/dtrackbar.pas"/>
        <UnitName Value="DTrackBar"/>
        <UsageCount Value="1"/>
      </Unit50>
      <Unit51>
        <Filename Value="Test10x10c.txt"/>
        <TopLine Value="368"/>
        <CursorPos X="278" Y="387"/>
        <UsageCount Value="2"/>
        <DefaultSyntaxHighlighter Value="None"/>
      </Unit51>
      <Unit52>
        <Filename Value="mpunit.lfm"/>
        <TopLine Value="1243"/>
        <CursorPos X="14" Y="1248"/>
        <UsageCount Value="1"/>
        <DefaultSyntaxHighlighter Value="LFM"/>
      </Unit52>
      <Unit53>
        <Filename Value="../../Sites/BOC/6840311/2-Sep-2011-A.txt"/>
        <TopLine Value="567"/>
        <CursorPos X="9" Y="105"/>
        <UsageCount Value="2"/>
        <DefaultSyntaxHighlighter Value="None"/>
      </Unit53>
      <Unit54>
        <Filename Value="14-Feb-2008-A.txt"/>
        <TopLine Value="62"/>
        <UsageCount Value="1"/>
        <DefaultSyntaxHighlighter Value="None"/>
      </Unit54>
      <Unit55>
        <Filename Value="/usr/lib/lazarus/components/tachart/tatools.pas"/>
        <UnitName Value="TATools"/>
        <TopLine Value="1229"/>
        <CursorPos X="22" Y="1242"/>
        <UsageCount Value="1"/>
      </Unit55>
      <Unit56>
        <Filename Value="XProf.txt"/>
        <TopLine Value="386"/>
        <CursorPos X="30" Y="5"/>
        <UsageCount Value="1"/>
        <DefaultSyntaxHighlighter Value="None"/>
      </Unit56>
      <Unit57>
        <Filename Value="/usr/lib/lazarus/lcl/include/canvas.inc"/>
        <TopLine Value="1607"/>
        <CursorPos Y="1627"/>
        <UsageCount Value="1"/>
      </Unit57>
      <Unit58>
        <Filename Value="/usr/lib/lazarus/lcl/interfaces/qt/qtobjects.pas"/>
        <TopLine Value="2520"/>
        <CursorPos Y="2540"/>
        <UsageCount Value="1"/>
      </Unit58>
      <Unit59>
        <Filename Value="/usr/lib/lazarus/lcl/interfaces/qt/qtwinapi.inc"/>
        <TopLine Value="4223"/>
        <CursorPos Y="4243"/>
        <UsageCount Value="1"/>
      </Unit59>
      <Unit60>
        <Filename Value="/usr/lib64/lazarus/components/Tracker/Tracker2.pas"/>
        <TopLine Value="1084"/>
        <CursorPos X="34" Y="1101"/>
        <UsageCount Value="7"/>
      </Unit60>
      <Unit61>
        <Filename Value="/usr/lib64/lazarus/lcl/include/wincontrol.inc"/>
        <TopLine Value="4659"/>
        <CursorPos Y="4684"/>
        <UsageCount Value="3"/>
      </Unit61>
      <Unit62>
        <Filename Value="/usr/share/fpcsrc/2.6.4/rtl/objpas/strutils.pp"/>
        <TopLine Value="167"/>
        <CursorPos X="3" Y="193"/>
        <UsageCount Value="3"/>
      </Unit62>
      <Unit63>
        <Filename Value="/usr/lib64/lazarus/lcl/interfaces/qt/qtobjects.pas"/>
        <TopLine Value="2897"/>
        <CursorPos Y="2923"/>
        <UsageCount Value="7"/>
      </Unit63>
      <Unit64>
        <Filename Value="/usr/lib64/lazarus/lcl/include/control.inc"/>
        <EditorIndex Value="-1"/>
        <TopLine Value="2254"/>
        <CursorPos Y="2275"/>
        <UsageCount Value="10"/>
      </Unit64>
      <Unit65>
        <Filename Value="/usr/lib64/lazarus/lcl/include/speedbutton.inc"/>
        <TopLine Value="872"/>
        <CursorPos X="52" Y="898"/>
        <UsageCount Value="7"/>
      </Unit65>
      <Unit66>
        <Filename Value="/usr/lib64/lazarus/lcl/interfaces/qt/qtwinapi.inc"/>
        <TopLine Value="4885"/>
        <CursorPos Y="4914"/>
        <UsageCount Value="3"/>
      </Unit66>
      <Unit67>
        <Filename Value="/usr/lib64/lazarus/lcl/include/winapi.inc"/>
        <TopLine Value="636"/>
        <CursorPos Y="662"/>
        <UsageCount Value="3"/>
      </Unit67>
      <Unit68>
        <Filename Value="/usr/lib64/lazarus/lcl/include/canvas.inc"/>
        <EditorIndex Value="2"/>
        <TopLine Value="1590"/>
        <CursorPos Y="1610"/>
        <UsageCount Value="10"/>
        <Loaded Value="True"/>
      </Unit68>
      <Unit69>
        <Filename Value="/usr/lib64/lazarus/lcl/intfgraphics.pas"/>
        <UnitName Value="IntfGraphics"/>
        <EditorIndex Value="-1"/>
        <CursorPos Y="783"/>
        <UsageCount Value="10"/>
      </Unit69>
      <Unit70>
        <Filename Value="/usr/lib64/lazarus/lcl/graphtype.pp"/>
        <UnitName Value="GraphType"/>
        <EditorIndex Value="-1"/>
        <TopLine Value="540"/>
        <CursorPos Y="561"/>
        <UsageCount Value="10"/>
      </Unit70>
      <Unit71>
        <Filename Value="/usr/lib64/lazarus/lcl/include/customedit.inc"/>
        <TopLine Value="501"/>
        <CursorPos Y="527"/>
        <UsageCount Value="7"/>
      </Unit71>
      <Unit72>
        <Filename Value="resunit.pas"/>
        <IsPartOfProject Value="True"/>
        <ComponentName Value="ResForm"/>
        <HasResources Value="True"/>
        <ResourceBaseClass Value="Form"/>
        <EditorIndex Value="4"/>
        <TopLine Value="79"/>
        <CursorPos X="38" Y="109"/>
        <UsageCount Value="93"/>
        <Loaded Value="True"/>
        <LoadedDesigner Value="True"/>
      </Unit72>
      <Unit73>
        <Filename Value="/usr/lib64/lazarus/components/tachart/tagraph.pas"/>
        <UnitName Value="TAGraph"/>
        <TopLine Value="1496"/>
        <CursorPos X="9" Y="1540"/>
        <UsageCount Value="11"/>
      </Unit73>
      <Unit74>
        <Filename Value="/usr/lib64/lazarus/lcl/graphics.pp"/>
        <UnitName Value="Graphics"/>
        <EditorIndex Value="-1"/>
        <CursorPos X="29" Y="2357"/>
        <UsageCount Value="10"/>
      </Unit74>
      <Unit75>
        <Filename Value="/usr/lib64/lazarus/components/powerpdf/PReport.pas"/>
        <TopLine Value="453"/>
        <CursorPos X="3" Y="478"/>
        <UsageCount Value="7"/>
      </Unit75>
      <Unit76>
        <Filename Value="/usr/lib64/lazarus/lcl/printers.pas"/>
        <UnitName Value="Printers"/>
        <TopLine Value="132"/>
        <CursorPos X="3" Y="135"/>
        <UsageCount Value="7"/>
      </Unit76>
      <Unit77>
        <Filename Value="/usr/lib64/lazarus/lcl/interfaces/qt/qtobject.inc"/>
        <TopLine Value="261"/>
        <CursorPos Y="287"/>
        <UsageCount Value="7"/>
      </Unit77>
      <Unit78>
        <Filename Value="bsunit.lfm"/>
        <EditorIndex Value="-1"/>
        <UsageCount Value="8"/>
        <DefaultSyntaxHighlighter Value="LFM"/>
      </Unit78>
      <Unit79>
        <Filename Value="resunit.lfm"/>
        <ComponentName Value="ResForm"/>
        <HasResources Value="True"/>
        <ResourceBaseClass Value="Form"/>
        <EditorIndex Value="-1"/>
        <TopLine Value="76"/>
        <CursorPos Y="83"/>
        <UsageCount Value="8"/>
        <DefaultSyntaxHighlighter Value="LFM"/>
      </Unit79>
      <Unit80>
        <Filename Value="/lazarus/lcl/intfgraphics.pas"/>
        <UnitName Value="IntfGraphics"/>
        <EditorIndex Value="-1"/>
        <TopLine Value="231"/>
        <CursorPos X="15" Y="243"/>
        <UsageCount Value="8"/>
      </Unit80>
      <Unit81>
        <Filename Value="/lazarus/fpc/3.0.2/source/packages/fcl-image/src/fpimage.pp"/>
        <UnitName Value="FPimage"/>
        <EditorIndex Value="-1"/>
        <TopLine Value="19"/>
        <CursorPos X="3" Y="33"/>
        <UsageCount Value="8"/>
      </Unit81>
      <Unit82>
        <Filename Value="/lazarus/lcl/graphtype.pp"/>
        <UnitName Value="GraphType"/>
        <EditorIndex Value="-1"/>
        <TopLine Value="191"/>
        <CursorPos X="15" Y="206"/>
        <UsageCount Value="11"/>
      </Unit82>
      <Unit83>
        <Filename Value="/lazarus/components/Tracker/Tracker2.pas"/>
        <EditorIndex Value="-1"/>
        <TopLine Value="1082"/>
        <CursorPos Y="1100"/>
        <UsageCount Value="8"/>
      </Unit83>
      <Unit84>
        <Filename Value="/usr/lib64/lazarus/lcl/interfaces/qt5/qtwidgets.pas"/>
        <EditorIndex Value="-1"/>
        <TopLine Value="295"/>
        <CursorPos X="23" Y="19325"/>
        <UsageCount Value="10"/>
      </Unit84>
      <Unit85>
        <Filename Value="/usr/lib64/lazarus/lcl/interfaces/qt5/qtwinapi.inc"/>
        <EditorIndex Value="-1"/>
        <TopLine Value="6815"/>
        <CursorPos X="21" Y="6834"/>
        <UsageCount Value="10"/>
      </Unit85>
      <Unit86>
        <Filename Value="/usr/lib64/lazarus/lcl/interfaces/qt5/qtobjects.pas"/>
        <EditorIndex Value="-1"/>
        <TopLine Value="3450"/>
        <CursorPos Y="3463"/>
        <UsageCount Value="10"/>
      </Unit86>
      <Unit87>
        <Filename Value="/usr/lib64/lazarus/lcl/interfaces/qt5/qt56.pas"/>
        <EditorIndex Value="-1"/>
        <TopLine Value="9038"/>
        <CursorPos X="24" Y="9055"/>
        <UsageCount Value="10"/>
      </Unit87>
      <Unit88>
        <Filename Value="/usr/lib64/lazarus/lcl/include/picture.inc"/>
        <EditorIndex Value="-1"/>
        <TopLine Value="388"/>
        <CursorPos Y="414"/>
        <UsageCount Value="10"/>
      </Unit88>
      <Unit89>
        <Filename Value="/usr/lib64/lazarus/lcl/include/custombitmap.inc"/>
        <EditorIndex Value="-1"/>
        <TopLine Value="467"/>
        <CursorPos Y="504"/>
        <UsageCount Value="10"/>
      </Unit89>
      <Unit90>
        <Filename Value="/usr/lib64/lazarus/lcl/include/rasterimage.inc"/>
        <EditorIndex Value="3"/>
        <TopLine Value="279"/>
        <CursorPos Y="302"/>
        <UsageCount Value="10"/>
        <Loaded Value="True"/>
      </Unit90>
      <Unit91>
        <Filename Value="/usr/lib64/lazarus/lcl/include/graphic.inc"/>
        <EditorIndex Value="-1"/>
        <TopLine Value="28"/>
        <CursorPos Y="51"/>
        <UsageCount Value="10"/>
      </Unit91>
      <Unit92>
        <Filename Value="/usr/lib64/lazarus/lcl/include/bitmap.inc"/>
        <EditorIndex Value="-1"/>
        <TopLine Value="140"/>
        <CursorPos Y="161"/>
        <UsageCount Value="10"/>
      </Unit92>
      <Unit93>
        <Filename Value="/usr/lib64/lazarus/lcl/include/sharedcustombitmap.inc"/>
        <EditorIndex Value="-1"/>
        <TopLine Value="64"/>
        <CursorPos Y="94"/>
        <UsageCount Value="10"/>
      </Unit93>
      <Unit94>
        <Filename Value="/usr/lib64/lazarus/lcl/include/sharedrasterimage.inc"/>
        <EditorIndex Value="-1"/>
        <TopLine Value="12"/>
        <CursorPos Y="49"/>
        <UsageCount Value="10"/>
      </Unit94>
      <Unit95>
        <Filename Value="/usr/lib64/lazarus/lcl/include/sharedimage.inc"/>
        <EditorIndex Value="-1"/>
        <CursorPos Y="16"/>
        <UsageCount Value="10"/>
      </Unit95>
      <Unit96>
        <Filename Value="/usr/lib64/lazarus/lcl/include/customimage.inc"/>
        <EditorIndex Value="1"/>
        <TopLine Value="32"/>
        <CursorPos Y="64"/>
        <UsageCount Value="10"/>
        <Loaded Value="True"/>
      </Unit96>
      <Unit97>
        <Filename Value="/usr/lib64/lazarus/lcl/include/lclintf.inc"/>
        <EditorIndex Value="-1"/>
        <TopLine Value="157"/>
        <CursorPos Y="178"/>
        <UsageCount Value="10"/>
      </Unit97>
      <Unit98>
        <Filename Value="/usr/lib64/lazarus/lcl/interfaces/qt5/qtlclintf.inc"/>
        <EditorIndex Value="-1"/>
        <TopLine Value="812"/>
        <CursorPos Y="837"/>
        <UsageCount Value="10"/>
      </Unit98>
      <Unit99>
        <Filename Value="/usr/lib64/lazarus/lcl/include/intfbaselcl.inc"/>
        <EditorIndex Value="-1"/>
        <TopLine Value="304"/>
        <CursorPos Y="323"/>
        <UsageCount Value="10"/>
      </Unit99>
      <Unit100>
        <Filename Value="/usr/lib64/lazarus/lcl/interfaces/qt5/qtproc.pp"/>
        <EditorIndex Value="-1"/>
        <TopLine Value="60"/>
        <CursorPos Y="91"/>
        <UsageCount Value="10"/>
      </Unit100>
      <Unit101>
        <Filename Value="/usr/lib64/lazarus/lcl/include/bitmapcanvas.inc"/>
        <EditorIndex Value="-1"/>
        <TopLine Value="5"/>
        <CursorPos Y="27"/>
        <UsageCount Value="10"/>
      </Unit101>
      <Unit102>
        <Filename Value="/usr/lib64/lazarus/lcl/include/region.inc"/>
        <EditorIndex Value="-1"/>
        <CursorPos Y="25"/>
        <UsageCount Value="10"/>
      </Unit102>
      <Unit103>
        <Filename Value="/usr/lib64/lazarus/lcl/interfacebase.pp"/>
        <UnitName Value="InterfaceBase"/>
        <EditorIndex Value="-1"/>
        <TopLine Value="139"/>
        <CursorPos X="32" Y="154"/>
        <UsageCount Value="10"/>
      </Unit103>
    </Units>
    <JumpHistory Count="23" HistoryIndex="22">
      <Position1>
        <Filename Value="bsunit.pas"/>
        <Caret Line="295" Column="51" TopLine="266"/>
      </Position1>
      <Position2>
        <Filename Value="bsunit.pas"/>
        <Caret Line="296" TopLine="266"/>
      </Position2>
      <Position3>
        <Filename Value="bsunit.pas"/>
        <Caret Line="295" Column="75" TopLine="266"/>
      </Position3>
      <Position4>
        <Filename Value="bsunit.pas"/>
        <Caret Line="296" Column="75" TopLine="277"/>
      </Position4>
      <Position5>
        <Filename Value="/usr/lib64/lazarus/lcl/include/customimage.inc"/>
        <Caret Line="46" TopLine="26"/>
      </Position5>
      <Position6>
        <Filename Value="/usr/lib64/lazarus/lcl/include/customimage.inc"/>
        <Caret Line="60" TopLine="28"/>
      </Position6>
      <Position7>
        <Filename Value="/usr/lib64/lazarus/lcl/include/customimage.inc"/>
        <Caret Line="61" TopLine="29"/>
      </Position7>
      <Position8>
        <Filename Value="/usr/lib64/lazarus/lcl/include/rasterimage.inc"/>
        <Caret Line="299" TopLine="279"/>
      </Position8>
      <Position9>
        <Filename Value="/usr/lib64/lazarus/lcl/include/rasterimage.inc"/>
        <Caret Line="300" TopLine="279"/>
      </Position9>
      <Position10>
        <Filename Value="/usr/lib64/lazarus/lcl/include/rasterimage.inc"/>
        <Caret Line="306" TopLine="279"/>
      </Position10>
      <Position11>
        <Filename Value="/usr/lib64/lazarus/lcl/include/rasterimage.inc"/>
        <Caret Line="308" TopLine="279"/>
      </Position11>
      <Position12>
        <Filename Value="/usr/lib64/lazarus/lcl/include/rasterimage.inc"/>
        <Caret Line="309" TopLine="279"/>
      </Position12>
      <Position13>
        <Filename Value="/usr/lib64/lazarus/lcl/include/rasterimage.inc"/>
        <Caret Line="310" TopLine="279"/>
      </Position13>
      <Position14>
        <Filename Value="/usr/lib64/lazarus/lcl/include/rasterimage.inc"/>
        <Caret Line="311" TopLine="279"/>
      </Position14>
      <Position15>
        <Filename Value="/usr/lib64/lazarus/lcl/include/rasterimage.inc"/>
        <Caret Line="301" TopLine="279"/>
      </Position15>
      <Position16>
        <Filename Value="/usr/lib64/lazarus/lcl/include/rasterimage.inc"/>
        <Caret Line="302" TopLine="279"/>
      </Position16>
      <Position17>
        <Filename Value="/usr/lib64/lazarus/lcl/include/customimage.inc"/>
        <Caret Line="64" TopLine="32"/>
      </Position17>
      <Position18>
        <Filename Value="/usr/lib64/lazarus/lcl/include/canvas.inc"/>
        <Caret Line="1605" TopLine="1585"/>
      </Position18>
      <Position19>
        <Filename Value="/usr/lib64/lazarus/lcl/include/canvas.inc"/>
        <Caret Line="1607" TopLine="1585"/>
      </Position19>
      <Position20>
        <Filename Value="/usr/lib64/lazarus/lcl/include/canvas.inc"/>
        <Caret Line="1608" TopLine="1585"/>
      </Position20>
      <Position21>
        <Filename Value="/usr/lib64/lazarus/lcl/include/canvas.inc"/>
        <Caret Line="157" TopLine="137"/>
      </Position21>
      <Position22>
        <Filename Value="/usr/lib64/lazarus/lcl/include/canvas.inc"/>
        <Caret Line="167" TopLine="137"/>
      </Position22>
      <Position23>
        <Filename Value="/usr/lib64/lazarus/lcl/include/customimage.inc"/>
        <Caret Line="64" TopLine="32"/>
      </Position23>
    </JumpHistory>
  </ProjectOptions>
  <CompilerOptions>
    <Version Value="11"/>
    <SearchPaths>
      <SrcPath Value="$(LazarusDir)/lcl;$(LazarusDir)/lcl/interfaces/$(LCLWidgetType)"/>
    </SearchPaths>
    <Parsing>
      <SyntaxOptions>
        <CStyleOperator Value="False"/>
        <AllowLabel Value="False"/>
        <CPPInline Value="False"/>
      </SyntaxOptions>
    </Parsing>
    <CodeGeneration>
      <Optimizations>
        <VariablesInRegisters Value="True"/>
      </Optimizations>
    </CodeGeneration>
    <Linking>
      <Debugging>
        <DebugInfoType Value="dsDwarf2Set"/>
      </Debugging>
      <Options>
        <Win32>
          <GraphicApplication Value="True"/>
        </Win32>
      </Options>
    </Linking>
  </CompilerOptions>
  <Debugging>
    <BreakPoints Count="1">
      <Item1>
        <Kind Value="bpkSource"/>
        <WatchScope Value="wpsLocal"/>
        <WatchKind Value="wpkWrite"/>
        <Source Value="bsunit.pas"/>
        <Line Value="296"/>
      </Item1>
    </BreakPoints>
    <Watches Count="1">
      <Item1>
        <Expression Value="Dummy"/>
      </Item1>
    </Watches>
  </Debugging>
</CONFIG>
